
Microsoft Visual Studio Solution File, Format Version 12.00
# Visual Studio Version 17
VisualStudioVersion = 17.5.2.0
MinimumVisualStudioVersion = 10.0.40219.1
Project("{FAE04EC0-301F-11D3-BF4B-00C04F79EFBC}") = "BlazorExample", "BlazorExample\BlazorExample.csproj", "{69AE2125-D0C5-401D-8B4B-89A8C9A321B2}"
EndProject
Project("{FAE04EC0-301F-11D3-BF4B-00C04F79EFBC}") = "ListTarefas", "ListTarefas\ListTarefas.csproj", "{E1C93F65-830F-B08C-9B5E-F8B719F280D0}"
EndProject
Project("{2150E333-8FDC-42A3-9474-1A3956D46DE8}") = "FuitAPI", "FuitAPI", "{9BA88B97-9EE5-303D-7511-8DA33DA2BCBF}"
EndProject
Project("{FAE04EC0-301F-11D3-BF4B-00C04F79EFBC}") = "FruitAPI", "FuitAPI\FruitAPI.csproj", "{8CE1A122-D0B2-4983-982C-8CD87DD6D6C0}"
EndProject
Project("{2150E333-8FDC-42A3-9474-1A3956D46DE8}") = "FruitWebApp-codebehind", "FruitWebApp-codebehind", "{66CDAA63-8C1C-3E8D-E95E-313C7D501562}"
EndProject
Project("{FAE04EC0-301F-11D3-BF4B-00C04F79EFBC}") = "FruitWebApp", "FruitWebApp-codebehind\FruitWebApp.csproj", "{02179F1C-BDB2-47F4-975E-E73556D4497F}"
EndProject
Global
	GlobalSection(SolutionConfigurationPlatforms) = preSolution
		Debug|Any CPU = Debug|Any CPU
		Debug|x64 = Debug|x64
		Debug|x86 = Debug|x86
		Release|Any CPU = Release|Any CPU
		Release|x64 = Release|x64
		Release|x86 = Release|x86
	EndGlobalSection
	GlobalSection(ProjectConfigurationPlatforms) = postSolution
		{69AE2125-D0C5-401D-8B4B-89A8C9A321B2}.Debug|Any CPU.ActiveCfg = Debug|Any CPU
		{69AE2125-D0C5-401D-8B4B-89A8C9A321B2}.Debug|Any CPU.Build.0 = Debug|Any CPU
		{69AE2125-D0C5-401D-8B4B-89A8C9A321B2}.Debug|x64.ActiveCfg = Debug|Any CPU
		{69AE2125-D0C5-401D-8B4B-89A8C9A321B2}.Debug|x64.Build.0 = Debug|Any CPU
		{69AE2125-D0C5-401D-8B4B-89A8C9A321B2}.Debug|x86.ActiveCfg = Debug|Any CPU
		{69AE2125-D0C5-401D-8B4B-89A8C9A321B2}.Debug|x86.Build.0 = Debug|Any CPU
		{69AE2125-D0C5-401D-8B4B-89A8C9A321B2}.Release|Any CPU.ActiveCfg = Release|Any CPU
		{69AE2125-D0C5-401D-8B4B-89A8C9A321B2}.Release|Any CPU.Build.0 = Release|Any CPU
		{69AE2125-D0C5-401D-8B4B-89A8C9A321B2}.Release|x64.ActiveCfg = Release|Any CPU
		{69AE2125-D0C5-401D-8B4B-89A8C9A321B2}.Release|x64.Build.0 = Release|Any CPU
		{69AE2125-D0C5-401D-8B4B-89A8C9A321B2}.Release|x86.ActiveCfg = Release|Any CPU
		{69AE2125-D0C5-401D-8B4B-89A8C9A321B2}.Release|x86.Build.0 = Release|Any CPU
		{E1C93F65-830F-B08C-9B5E-F8B719F280D0}.Debug|Any CPU.ActiveCfg = Debug|Any CPU
		{E1C93F65-830F-B08C-9B5E-F8B719F280D0}.Debug|Any CPU.Build.0 = Debug|Any CPU
		{E1C93F65-830F-B08C-9B5E-F8B719F280D0}.Debug|x64.ActiveCfg = Debug|Any CPU
		{E1C93F65-830F-B08C-9B5E-F8B719F280D0}.Debug|x64.Build.0 = Debug|Any CPU
		{E1C93F65-830F-B08C-9B5E-F8B719F280D0}.Debug|x86.ActiveCfg = Debug|Any CPU
		{E1C93F65-830F-B08C-9B5E-F8B719F280D0}.Debug|x86.Build.0 = Debug|Any CPU
		{E1C93F65-830F-B08C-9B5E-F8B719F280D0}.Release|Any CPU.ActiveCfg = Release|Any CPU
		{E1C93F65-830F-B08C-9B5E-F8B719F280D0}.Release|Any CPU.Build.0 = Release|Any CPU
		{E1C93F65-830F-B08C-9B5E-F8B719F280D0}.Release|x64.ActiveCfg = Release|Any CPU
		{E1C93F65-830F-B08C-9B5E-F8B719F280D0}.Release|x64.Build.0 = Release|Any CPU
		{E1C93F65-830F-B08C-9B5E-F8B719F280D0}.Release|x86.ActiveCfg = Release|Any CPU
		{E1C93F65-830F-B08C-9B5E-F8B719F280D0}.Release|x86.Build.0 = Release|Any CPU
		{8CE1A122-D0B2-4983-982C-8CD87DD6D6C0}.Debug|Any CPU.ActiveCfg = Debug|Any CPU
		{8CE1A122-D0B2-4983-982C-8CD87DD6D6C0}.Debug|Any CPU.Build.0 = Debug|Any CPU
		{8CE1A122-D0B2-4983-982C-8CD87DD6D6C0}.Debug|x64.ActiveCfg = Debug|Any CPU
		{8CE1A122-D0B2-4983-982C-8CD87DD6D6C0}.Debug|x64.Build.0 = Debug|Any CPU
		{8CE1A122-D0B2-4983-982C-8CD87DD6D6C0}.Debug|x86.ActiveCfg = Debug|Any CPU
		{8CE1A122-D0B2-4983-982C-8CD87DD6D6C0}.Debug|x86.Build.0 = Debug|Any CPU
		{8CE1A122-D0B2-4983-982C-8CD87DD6D6C0}.Release|Any CPU.ActiveCfg = Release|Any CPU
		{8CE1A122-D0B2-4983-982C-8CD87DD6D6C0}.Release|Any CPU.Build.0 = Release|Any CPU
		{8CE1A122-D0B2-4983-982C-8CD87DD6D6C0}.Release|x64.ActiveCfg = Release|Any CPU
		{8CE1A122-D0B2-4983-982C-8CD87DD6D6C0}.Release|x64.Build.0 = Release|Any CPU
		{8CE1A122-D0B2-4983-982C-8CD87DD6D6C0}.Release|x86.ActiveCfg = Release|Any CPU
		{8CE1A122-D0B2-4983-982C-8CD87DD6D6C0}.Release|x86.Build.0 = Release|Any CPU
		{02179F1C-BDB2-47F4-975E-E73556D4497F}.Debug|Any CPU.ActiveCfg = Debug|Any CPU
		{02179F1C-BDB2-47F4-975E-E73556D4497F}.Debug|Any CPU.Build.0 = Debug|Any CPU
		{02179F1C-BDB2-47F4-975E-E73556D4497F}.Debug|x64.ActiveCfg = Debug|Any CPU
		{02179F1C-BDB2-47F4-975E-E73556D4497F}.Debug|x64.Build.0 = Debug|Any CPU
		{02179F1C-BDB2-47F4-975E-E73556D4497F}.Debug|x86.ActiveCfg = Debug|Any CPU
		{02179F1C-BDB2-47F4-975E-E73556D4497F}.Debug|x86.Build.0 = Debug|Any CPU
		{02179F1C-BDB2-47F4-975E-E73556D4497F}.Release|Any CPU.ActiveCfg = Release|Any CPU
		{02179F1C-BDB2-47F4-975E-E73556D4497F}.Release|Any CPU.Build.0 = Release|Any CPU
		{02179F1C-BDB2-47F4-975E-E73556D4497F}.Release|x64.ActiveCfg = Release|Any CPU
		{02179F1C-BDB2-47F4-975E-E73556D4497F}.Release|x64.Build.0 = Release|Any CPU
		{02179F1C-BDB2-47F4-975E-E73556D4497F}.Release|x86.ActiveCfg = Release|Any CPU
		{02179F1C-BDB2-47F4-975E-E73556D4497F}.Release|x86.Build.0 = Release|Any CPU
	EndGlobalSection
	GlobalSection(SolutionProperties) = preSolution
		HideSolutionNode = FALSE
	EndGlobalSection
	GlobalSection(NestedProjects) = preSolution
		{8CE1A122-D0B2-4983-982C-8CD87DD6D6C0} = {9BA88B97-9EE5-303D-7511-8DA33DA2BCBF}
		{02179F1C-BDB2-47F4-975E-E73556D4497F} = {66CDAA63-8C1C-3E8D-E95E-313C7D501562}
	EndGlobalSection
	GlobalSection(ExtensibilityGlobals) = postSolution
		SolutionGuid = {90889FA9-CC8E-4B67-BEFC-F95FF1E51AC8}
	EndGlobalSection
EndGlobal
